
Microsoft Visual Studio Solution File, Format Version 12.00
# Visual Studio Version 16
VisualStudioVersion = 16.0.31424.327
MinimumVisualStudioVersion = 10.0.40219.1
Project("{FAE04EC0-301F-11D3-BF4B-00C04F79EFBC}") = "ejercicio1", "ejercicio1\ejercicio1.csproj", "{1157BE73-1051-42E5-B38B-AECE8D0FC641}"
EndProject
Project("{FAE04EC0-301F-11D3-BF4B-00C04F79EFBC}") = "ejercicio2", "ejercicio2\ejercicio2.csproj", "{03BC8F5E-FCB4-4652-8F56-B6177A4FA1C6}"
EndProject
Project("{FAE04EC0-301F-11D3-BF4B-00C04F79EFBC}") = "ejercicio3", "ejercicio3\ejercicio3.csproj", "{DF6616C8-022F-4D68-B325-308D09CC8657}"
EndProject
Global
	GlobalSection(SolutionConfigurationPlatforms) = preSolution
		Debug|Any CPU = Debug|Any CPU
		Release|Any CPU = Release|Any CPU
	EndGlobalSection
	GlobalSection(ProjectConfigurationPlatforms) = postSolution
		{1157BE73-1051-42E5-B38B-AECE8D0FC641}.Debug|Any CPU.ActiveCfg = Debug|Any CPU
		{1157BE73-1051-42E5-B38B-AECE8D0FC641}.Debug|Any CPU.Build.0 = Debug|Any CPU
		{1157BE73-1051-42E5-B38B-AECE8D0FC641}.Release|Any CPU.ActiveCfg = Release|Any CPU
		{1157BE73-1051-42E5-B38B-AECE8D0FC641}.Release|Any CPU.Build.0 = Release|Any CPU
		{03BC8F5E-FCB4-4652-8F56-B6177A4FA1C6}.Debug|Any CPU.ActiveCfg = Debug|Any CPU
		{03BC8F5E-FCB4-4652-8F56-B6177A4FA1C6}.Debug|Any CPU.Build.0 = Debug|Any CPU
		{03BC8F5E-FCB4-4652-8F56-B6177A4FA1C6}.Release|Any CPU.ActiveCfg = Release|Any CPU
		{03BC8F5E-FCB4-4652-8F56-B6177A4FA1C6}.Release|Any CPU.Build.0 = Release|Any CPU
		{DF6616C8-022F-4D68-B325-308D09CC8657}.Debug|Any CPU.ActiveCfg = Debug|Any CPU
		{DF6616C8-022F-4D68-B325-308D09CC8657}.Debug|Any CPU.Build.0 = Debug|Any CPU
		{DF6616C8-022F-4D68-B325-308D09CC8657}.Release|Any CPU.ActiveCfg = Release|Any CPU
		{DF6616C8-022F-4D68-B325-308D09CC8657}.Release|Any CPU.Build.0 = Release|Any CPU
	EndGlobalSection
	GlobalSection(SolutionProperties) = preSolution
		HideSolutionNode = FALSE
	EndGlobalSection
	GlobalSection(ExtensibilityGlobals) = postSolution
		SolutionGuid = {0F9EDA3C-F468-40F7-89E3-4D5034D9D1D0}
	EndGlobalSection
EndGlobal
