
Microsoft Visual Studio Solution File, Format Version 12.00
# Visual Studio Version 16
VisualStudioVersion = 16.0.31424.327
MinimumVisualStudioVersion = 10.0.40219.1
Project("{FAE04EC0-301F-11D3-BF4B-00C04F79EFBC}") = "ejercicioNet", "ejercicioNet\ejercicioNet.csproj", "{74C51484-2AA0-4002-8106-60C509BF56D3}"
EndProject
Global
	GlobalSection(SolutionConfigurationPlatforms) = preSolution
		Debug|Any CPU = Debug|Any CPU
		Release|Any CPU = Release|Any CPU
	EndGlobalSection
	GlobalSection(ProjectConfigurationPlatforms) = postSolution
		{74C51484-2AA0-4002-8106-60C509BF56D3}.Debug|Any CPU.ActiveCfg = Debug|Any CPU
		{74C51484-2AA0-4002-8106-60C509BF56D3}.Debug|Any CPU.Build.0 = Debug|Any CPU
		{74C51484-2AA0-4002-8106-60C509BF56D3}.Release|Any CPU.ActiveCfg = Release|Any CPU
		{74C51484-2AA0-4002-8106-60C509BF56D3}.Release|Any CPU.Build.0 = Release|Any CPU
	EndGlobalSection
	GlobalSection(SolutionProperties) = preSolution
		HideSolutionNode = FALSE
	EndGlobalSection
	GlobalSection(ExtensibilityGlobals) = postSolution
		SolutionGuid = {A6400AB3-9A46-40C4-AF28-5C630B67BEB6}
	EndGlobalSection
EndGlobal
